github.com/arl/statsviz v0.4.0/go.mod h1:+5inUy/dxy11x/KSmicG3ZrEEy0Yr81AFm3dn4QC04M=
github.com/go-sql-driver/mysql v1.6.0 h1:BCTh4TKNUYmOmMUcQ3IipzF5prigylS7XXjEkfCHuOE=
github.com/go-sql-driver/mysql v1.6.0/go.mod h1:DCzpHaOWr8IXmIStZouvnhqoel9Qv2LBy8hT2VhHyBg=
github.com/go-sql-driver/mysql v1.7.0 h1:ueSltNNllEqE3qcWBTD0iQd3IpL/6U+mJxLkazJ7YPc=
github.com/go-sql-driver/mysql v1.7.0/go.mod h1:OXbVy3sEdcQ2Doequ6Z5BW6fXNQTmx+9S1MCJN5yJMI=
github.com/golang/protobuf v1.5.0/go.mod h1:FsONVRAS9T7sI+LIUmWTfcYkHO4aIWwzhcaSAoJOfIk=
github.com/google/go-cmp v0.5.5/go.mod h1:v8dTdLbMG2kIc/vJvl+f65V22dbkXbowE6jgT/gNBxE=
github.com/gorilla/websocket v1.4.2/go.mod h1:YR8l580nyteQvAITg2hZ9XVh4b55+EU/adAjf1fMHhE=
github.com/zhengkai/zog v1.0.2 h1:T4mN7E2Nraa5ui5ypWUMgdeDYcedzlZewzTDG32Lc8c=
github.com/zhengkai/zog v1.0.2/go.mod h1:dXbJ0XDMRXQX+XeNuIM9hJy/6OLRNtXHPq/86ll8u6I=
github.com/zhengkai/zog v1.0.3 h1:dkJdXJKRjbqqlseFycA1d80AUU6HAZrPe4WplpmwTo4=
github.com/zhengkai/zog v1.0.3/go.mod h1:dXbJ0XDMRXQX+XeNuIM9hJy/6OLRNtXHPq/86ll8u6I=
github.com/zhengkai/zu v1.0.15 h1:yS59XBKWLpzgcUuS0VKj2mM45CqKtFScGJ642mmwZOo=
github.com/zhengkai/zu v1.0.15/go.mod h1:JWXGfd+7xrc4gAt65qWco7WtmLqD7CF1TTZxfm+OxgM=
golang.org/x/xerrors v0.0.0-20191204190536-9bdfabe68543/go.mod h1:I/5z698sn9Ka8TeJc9MKroUUfqBBauWjQqLJ2OPfmY0=
google.golang.org/protobuf v1.26.0-rc.1/go.mod h1:jlhhOSvTdKEhbULTjvd4ARK9grFBp09yW+WbY/TyQbw=
google.golang.org/protobuf v1.28.1 h1:d0NfwRgPtno5B1Wa6L2DAG+KivqkdutMf1UhdNx175w=
google.golang.org/protobuf v1.28.1/go.mod h1:HV8QOd/L58Z+nl8r43ehVNZIU/HEI6OcFqwMG9pJV4I=
